PODS:
  - SwiftLint (0.25.1)
  - TapAdditionsKit/Foundation/Locale (1.0.1)
  - TapAdditionsKit/Foundation/NumberFormatter (1.0.1)
  - TapAdditionsKit/ObjectiveC/NSObject (1.0.1)
  - TapAdditionsKit/SwiftStandartLibrary/Int (1.0.1)
  - TapAdditionsKit/SwiftStandartLibrary/String (1.0.1):
    - TapAdditionsKit/Foundation/Locale
    - TapAdditionsKit/Foundation/NumberFormatter
    - TapAdditionsKit/SwiftStandartLibrary/Int
  - TapAdditionsKit/Tap/ClassProtocol (1.0.1)
  - TapAdditionsKit/Tap/TypeAlias (1.0.1)
  - TapAdditionsKit/UIKit/UIViewController (1.0.1):
    - TapAdditionsKit/ObjectiveC/NSObject
    - TapAdditionsKit/Tap/TypeAlias
    - TapAdditionsKit/UIKit/UIWindow
    - TapAdditionsKit/UIKit/UIWindowLevel
  - TapAdditionsKit/UIKit/UIWindow (1.0.1):
    - TapAdditionsKit/UIKit/UIWindowLevel
  - TapAdditionsKit/UIKit/UIWindowLevel (1.0.1)
  - TapSwiftFixes/Threading (1.0.1)

DEPENDENCIES:
  - SwiftLint
  - TapAdditionsKit/SwiftStandartLibrary/String
  - TapAdditionsKit/Tap/ClassProtocol
  - TapAdditionsKit/UIKit/UIViewController
  - TapSwiftFixes/Threading

SPEC REPOS:
  https://github.com/CocoaPods/Specs.git:
    - SwiftLint
    - TapAdditionsKit
    - TapSwiftFixes

SPEC CHECKSUMS:
  SwiftLint: ce933681be10c3266e82576dad676fa815a602e9
  TapAdditionsKit: 0fe32a0bc723d4405bea66434df5aa7825de514a
  TapSwiftFixes: dfc8a6fc03cbb7313cad63d293c589d02566ca37

PODFILE CHECKSUM: c76fcbfd68291cb2a1c6caec73835a5386e3f9bb

COCOAPODS: 1.5.0
